
Microsoft Visual Studio Solution File, Format Version 12.00
# Visual Studio Version 17
VisualStudioVersion = 17.14.36414.22 d17.14
MinimumVisualStudioVersion = 10.0.40219.1
Project("{FAE04EC0-301F-11D3-BF4B-00C04F79EFBC}") = "Hyre.API", "Hyre.API\Hyre.API.csproj", "{BC1A7EC6-2954-4CF5-A757-FCB27DEF60F8}"
EndProject
Global
	GlobalSection(SolutionConfigurationPlatforms) = preSolution
		Debug|Any CPU = Debug|Any CPU
		Release|Any CPU = Release|Any CPU
	EndGlobalSection
	GlobalSection(ProjectConfigurationPlatforms) = postSolution
		{BC1A7EC6-2954-4CF5-A757-FCB27DEF60F8}.Debug|Any CPU.ActiveCfg = Debug|Any CPU
		{BC1A7EC6-2954-4CF5-A757-FCB27DEF60F8}.Debug|Any CPU.Build.0 = Debug|Any CPU
		{BC1A7EC6-2954-4CF5-A757-FCB27DEF60F8}.Release|Any CPU.ActiveCfg = Release|Any CPU
		{BC1A7EC6-2954-4CF5-A757-FCB27DEF60F8}.Release|Any CPU.Build.0 = Release|Any CPU
	EndGlobalSection
	GlobalSection(SolutionProperties) = preSolution
		HideSolutionNode = FALSE
	EndGlobalSection
	GlobalSection(ExtensibilityGlobals) = postSolution
		SolutionGuid = {698571CD-3973-4DC1-9BC4-5886913E8F9C}
	EndGlobalSection
EndGlobal
